
Microsoft Visual Studio Solution File, Format Version 9.00
# Visual Studio 2005
Project("{8BC9CEB8-8B4A-11D0-8D11-00A0C91BC942}") = "mcapi", "mcapi.vcproj", "{4B12B598-6ABB-489E-AA8A-0222BE4546F2}"
EndProject
Project("{8BC9CEB8-8B4A-11D0-8D11-00A0C91BC942}") = "dmalloc", "dmalloc\dalloc.vcproj", "{4A18DCB2-8B69-4425-B71D-BE3D80E984AD}"
	ProjectSection(ProjectDependencies) = postProject
		{4B12B598-6ABB-489E-AA8A-0222BE4546F2} = {4B12B598-6ABB-489E-AA8A-0222BE4546F2}
	EndProjectSection
EndProject
Project("{8BC9CEB8-8B4A-11D0-8D11-00A0C91BC942}") = "TestApi", "..\TestApi\TestApi.vcproj", "{E8A07BB6-E6A5-425C-A069-D87D248D3A29}"
	ProjectSection(ProjectDependencies) = postProject
		{4B12B598-6ABB-489E-AA8A-0222BE4546F2} = {4B12B598-6ABB-489E-AA8A-0222BE4546F2}
	EndProjectSection
EndProject
Project("{8BC9CEB8-8B4A-11D0-8D11-00A0C91BC942}") = "TestCapi", "..\TestCapi\TestCapi.vcproj", "{2ADC15DD-3C6E-4BC2-BCEC-8AB11CD0D4D0}"
	ProjectSection(ProjectDependencies) = postProject
		{4B12B598-6ABB-489E-AA8A-0222BE4546F2} = {4B12B598-6ABB-489E-AA8A-0222BE4546F2}
		{4A18DCB2-8B69-4425-B71D-BE3D80E984AD} = {4A18DCB2-8B69-4425-B71D-BE3D80E984AD}
		{E8A07BB6-E6A5-425C-A069-D87D248D3A29} = {E8A07BB6-E6A5-425C-A069-D87D248D3A29}
	EndProjectSection
EndProject
Global
	GlobalSection(SolutionConfigurationPlatforms) = preSolution
		Debug|Win32 = Debug|Win32
		Release|Win32 = Release|Win32
	EndGlobalSection
	GlobalSection(ProjectConfigurationPlatforms) = postSolution
		{4B12B598-6ABB-489E-AA8A-0222BE4546F2}.Debug|Win32.ActiveCfg = Debug|Win32
		{4B12B598-6ABB-489E-AA8A-0222BE4546F2}.Debug|Win32.Build.0 = Debug|Win32
		{4B12B598-6ABB-489E-AA8A-0222BE4546F2}.Release|Win32.ActiveCfg = Release|Win32
		{4B12B598-6ABB-489E-AA8A-0222BE4546F2}.Release|Win32.Build.0 = Release|Win32
		{4A18DCB2-8B69-4425-B71D-BE3D80E984AD}.Debug|Win32.ActiveCfg = Debug|Win32
		{4A18DCB2-8B69-4425-B71D-BE3D80E984AD}.Debug|Win32.Build.0 = Debug|Win32
		{4A18DCB2-8B69-4425-B71D-BE3D80E984AD}.Release|Win32.ActiveCfg = Release|Win32
		{4A18DCB2-8B69-4425-B71D-BE3D80E984AD}.Release|Win32.Build.0 = Release|Win32
		{E8A07BB6-E6A5-425C-A069-D87D248D3A29}.Debug|Win32.ActiveCfg = Debug|Win32
		{E8A07BB6-E6A5-425C-A069-D87D248D3A29}.Debug|Win32.Build.0 = Debug|Win32
		{E8A07BB6-E6A5-425C-A069-D87D248D3A29}.Release|Win32.ActiveCfg = Release|Win32
		{E8A07BB6-E6A5-425C-A069-D87D248D3A29}.Release|Win32.Build.0 = Release|Win32
		{2ADC15DD-3C6E-4BC2-BCEC-8AB11CD0D4D0}.Debug|Win32.ActiveCfg = Debug|Win32
		{2ADC15DD-3C6E-4BC2-BCEC-8AB11CD0D4D0}.Debug|Win32.Build.0 = Debug|Win32
		{2ADC15DD-3C6E-4BC2-BCEC-8AB11CD0D4D0}.Release|Win32.ActiveCfg = Release|Win32
		{2ADC15DD-3C6E-4BC2-BCEC-8AB11CD0D4D0}.Release|Win32.Build.0 = Release|Win32
	EndGlobalSection
	GlobalSection(SolutionProperties) = preSolution
		HideSolutionNode = FALSE
	EndGlobalSection
EndGlobal
